hash: e8ffe13bbaf882a6c939e8165d9f763caf16bd3735c74637e3d4c83e54757075
updated: 2016-08-09T00:14:36.757692969+09:00
imports:
- name: github.com/BurntSushi/toml
  version: 99064174e013895bbd9b025c31100bd1d9b590ca
- name: github.com/dgrijalva/jwt-go
  version: ""
- name: github.com/echo-contrib/echopprof
  version: ""
- name: github.com/go-sql-driver/mysql
  version: ""
- name: github.com/jinzhu/configor
  version: fb7a3183cd987802d006408fe3a4a9e1f6002ece
- name: github.com/jinzhu/gorm
  version: ""
  subpackages:
  - dialects/mysql
- name: github.com/jinzhu/inflection
  version: ""
- name: github.com/joho/godotenv
  version: ""
  subpackages:
  - autoload
- name: github.com/klauspost/compress
  version: ""
  subpackages:
  - flate
  - gzip
  - zlib
- name: github.com/klauspost/cpuid
  version: ""
- name: github.com/klauspost/crc32
  version: ""
- name: github.com/labstack/echo
  version: ""
  subpackages:
  - engine
  - engine/fasthttp
  - engine/standard
  - log
  - middleware
- name: github.com/labstack/gommon
  version: ""
  subpackages:
  - bytes
  - color
  - log
- name: github.com/mattn/go-colorable
  version: ""
- name: github.com/mattn/go-isatty
  version: ""
- name: github.com/pkg/errors
  version: ""
- name: github.com/smartystreets/goconvey
  version: 4622128e06c77c0174e17a7f0ed2db19a989b473
- name: github.com/tuvistavie/securerandom
  version: ""
- name: github.com/valyala/fasthttp
  version: ""
- name: github.com/valyala/fasttemplate
  version: ""
- name: golang.org/x/net
  version: ""
  subpackages:
  - context
- name: golang.org/x/sys
  version: ""
  subpackages:
  - unix
- name: gopkg.in/check.v1
  version: 4f90aeace3a26ad7021961c297b22c42160c7b25
- name: gopkg.in/go-playground/validator.v8
  version: ""
- name: gopkg.in/yaml.v2
  version: e4d366fc3c7938e2958e662b4258c7a89e1f0e3e
devImports: []
